
Microsoft Visual Studio Solution File, Format Version 12.00
Project("{FAE04EC0-301F-11D3-BF4B-00C04F79EFBC}") = "Scratchcards", "Scratchcards\Scratchcards.csproj", "{DDC26435-BBDA-4A06-889D-8BC1AF24A9D1}"
EndProject
Global
	GlobalSection(SolutionConfigurationPlatforms) = preSolution
		Debug|Any CPU = Debug|Any CPU
		Release|Any CPU = Release|Any CPU
	EndGlobalSection
	GlobalSection(ProjectConfigurationPlatforms) = postSolution
		{DDC26435-BBDA-4A06-889D-8BC1AF24A9D1}.Debug|Any CPU.ActiveCfg = Debug|Any CPU
		{DDC26435-BBDA-4A06-889D-8BC1AF24A9D1}.Debug|Any CPU.Build.0 = Debug|Any CPU
		{DDC26435-BBDA-4A06-889D-8BC1AF24A9D1}.Release|Any CPU.ActiveCfg = Release|Any CPU
		{DDC26435-BBDA-4A06-889D-8BC1AF24A9D1}.Release|Any CPU.Build.0 = Release|Any CPU
	EndGlobalSection
EndGlobal
